
Microsoft Visual Studio Solution File, Format Version 12.00
# Visual Studio Version 16
VisualStudioVersion = 16.0.29123.88
MinimumVisualStudioVersion = 10.0.40219.1
Project("{8BC9CEB8-8B4A-11D0-8D11-00A0C91BC942}") = "test_posix", "sample\thread\threadtest\threadtest.vcxproj", "{583A9A08-FBB8-4AD4-9C67-F9CCF15B3080}"
EndProject
Project("{8BC9CEB8-8B4A-11D0-8D11-00A0C91BC942}") = "suspendthread", "sample\thread\suspendthread\suspendthread.vcxproj", "{07628B6C-52EC-4D15-926E-9C1254E767CD}"
EndProject
Project("{8BC9CEB8-8B4A-11D0-8D11-00A0C91BC942}") = "Interlocked", "sample\thread\Interlocked\Interlocked.vcxproj", "{1FE3BBAD-3EEA-415C-950B-1DFCCCB59F8A}"
EndProject
Project("{8BC9CEB8-8B4A-11D0-8D11-00A0C91BC942}") = "wait", "sample\thread\wait\wait.vcxproj", "{90730242-0F1D-4EC8-8FA5-050FFD2AE46B}"
EndProject
Project("{8BC9CEB8-8B4A-11D0-8D11-00A0C91BC942}") = "test_tinythread", "sample\thread\test_tinythread\test_tinythread.vcxproj", "{F545618C-9155-43E7-BB52-0165BFD35DAC}"
EndProject
Project("{8BC9CEB8-8B4A-11D0-8D11-00A0C91BC942}") = "CreateThread", "sample\thread\CreateThread\CreateThread.vcxproj", "{3885F981-7066-40DE-9808-FEB22046E5F7}"
EndProject
Project("{8BC9CEB8-8B4A-11D0-8D11-00A0C91BC942}") = "CriticalSection", "sample\thread\CriticalSection\CriticalSection.vcxproj", "{E4E8CCD5-0023-4A1D-8848-B9BDD414427E}"
EndProject
Project("{8BC9CEB8-8B4A-11D0-8D11-00A0C91BC942}") = "sync", "sample\thread\sync\sync.vcxproj", "{AC429615-877B-485E-8157-12EBA36F1033}"
EndProject
Project("{8BC9CEB8-8B4A-11D0-8D11-00A0C91BC942}") = "timer", "sample\thread\timer\timer.vcxproj", "{64065046-FCE8-4CF0-AA5B-EECCE87785E7}"
EndProject
Project("{8BC9CEB8-8B4A-11D0-8D11-00A0C91BC942}") = "win32api", "sample\thread\win32api\win32api.vcxproj", "{62C97D90-56A9-4F43-8804-8915AECD7CFD}"
EndProject
Project("{8BC9CEB8-8B4A-11D0-8D11-00A0C91BC942}") = "Autolock", "sample\thread\AutoLock\AutoLock.vcxproj", "{A837EE6D-157D-4E58-9FF3-4091CC49AC50}"
EndProject
Project("{8BC9CEB8-8B4A-11D0-8D11-00A0C91BC942}") = "exception_test", "sample\thread\exception_test\exception_test.vcxproj", "{D0FA4FA8-AA2D-478D-AAB5-A2C084013583}"
EndProject
Project("{8BC9CEB8-8B4A-11D0-8D11-00A0C91BC942}") = "exceptional", "sample\thread\exceptional\exceptional.vcxproj", "{C8087D78-4CCB-42DC-8D23-2A5F8E9D785A}"
EndProject
Project("{8BC9CEB8-8B4A-11D0-8D11-00A0C91BC942}") = "FileMapping", "sample\thread\FileMapping\FileMapping.vcxproj", "{B2A596CE-A023-4BAB-A19E-7713168BC480}"
EndProject
Project("{8BC9CEB8-8B4A-11D0-8D11-00A0C91BC942}") = "rtti_test", "sample\thread\rtti_test\rtti_test.vcxproj", "{3A9BF2FB-797A-4A77-A53A-32E219F3ED5E}"
EndProject
Global
	GlobalSection(SolutionConfigurationPlatforms) = preSolution
		Debug|x86 = Debug|x86
		Release|x86 = Release|x86
	EndGlobalSection
	GlobalSection(ProjectConfigurationPlatforms) = postSolution
		{583A9A08-FBB8-4AD4-9C67-F9CCF15B3080}.Debug|x86.ActiveCfg = Debug|Win32
		{583A9A08-FBB8-4AD4-9C67-F9CCF15B3080}.Debug|x86.Build.0 = Debug|Win32
		{583A9A08-FBB8-4AD4-9C67-F9CCF15B3080}.Release|x86.ActiveCfg = Release|Win32
		{583A9A08-FBB8-4AD4-9C67-F9CCF15B3080}.Release|x86.Build.0 = Release|Win32
		{07628B6C-52EC-4D15-926E-9C1254E767CD}.Debug|x86.ActiveCfg = Debug|Win32
		{07628B6C-52EC-4D15-926E-9C1254E767CD}.Debug|x86.Build.0 = Debug|Win32
		{07628B6C-52EC-4D15-926E-9C1254E767CD}.Release|x86.ActiveCfg = Release|Win32
		{07628B6C-52EC-4D15-926E-9C1254E767CD}.Release|x86.Build.0 = Release|Win32
		{1FE3BBAD-3EEA-415C-950B-1DFCCCB59F8A}.Debug|x86.ActiveCfg = Debug|Win32
		{1FE3BBAD-3EEA-415C-950B-1DFCCCB59F8A}.Debug|x86.Build.0 = Debug|Win32
		{1FE3BBAD-3EEA-415C-950B-1DFCCCB59F8A}.Release|x86.ActiveCfg = Release|Win32
		{1FE3BBAD-3EEA-415C-950B-1DFCCCB59F8A}.Release|x86.Build.0 = Release|Win32
		{90730242-0F1D-4EC8-8FA5-050FFD2AE46B}.Debug|x86.ActiveCfg = Debug|Win32
		{90730242-0F1D-4EC8-8FA5-050FFD2AE46B}.Debug|x86.Build.0 = Debug|Win32
		{90730242-0F1D-4EC8-8FA5-050FFD2AE46B}.Release|x86.ActiveCfg = Release|Win32
		{90730242-0F1D-4EC8-8FA5-050FFD2AE46B}.Release|x86.Build.0 = Release|Win32
		{F545618C-9155-43E7-BB52-0165BFD35DAC}.Debug|x86.ActiveCfg = Debug|Win32
		{F545618C-9155-43E7-BB52-0165BFD35DAC}.Debug|x86.Build.0 = Debug|Win32
		{F545618C-9155-43E7-BB52-0165BFD35DAC}.Release|x86.ActiveCfg = Release|Win32
		{F545618C-9155-43E7-BB52-0165BFD35DAC}.Release|x86.Build.0 = Release|Win32
		{3885F981-7066-40DE-9808-FEB22046E5F7}.Debug|x86.ActiveCfg = Debug|Win32
		{3885F981-7066-40DE-9808-FEB22046E5F7}.Debug|x86.Build.0 = Debug|Win32
		{3885F981-7066-40DE-9808-FEB22046E5F7}.Release|x86.ActiveCfg = Release|Win32
		{3885F981-7066-40DE-9808-FEB22046E5F7}.Release|x86.Build.0 = Release|Win32
		{E4E8CCD5-0023-4A1D-8848-B9BDD414427E}.Debug|x86.ActiveCfg = Debug|Win32
		{E4E8CCD5-0023-4A1D-8848-B9BDD414427E}.Debug|x86.Build.0 = Debug|Win32
		{E4E8CCD5-0023-4A1D-8848-B9BDD414427E}.Release|x86.ActiveCfg = Release|Win32
		{E4E8CCD5-0023-4A1D-8848-B9BDD414427E}.Release|x86.Build.0 = Release|Win32
		{AC429615-877B-485E-8157-12EBA36F1033}.Debug|x86.ActiveCfg = Debug|Win32
		{AC429615-877B-485E-8157-12EBA36F1033}.Debug|x86.Build.0 = Debug|Win32
		{AC429615-877B-485E-8157-12EBA36F1033}.Release|x86.ActiveCfg = Release|Win32
		{AC429615-877B-485E-8157-12EBA36F1033}.Release|x86.Build.0 = Release|Win32
		{64065046-FCE8-4CF0-AA5B-EECCE87785E7}.Debug|x86.ActiveCfg = Debug|Win32
		{64065046-FCE8-4CF0-AA5B-EECCE87785E7}.Debug|x86.Build.0 = Debug|Win32
		{64065046-FCE8-4CF0-AA5B-EECCE87785E7}.Release|x86.ActiveCfg = Release|Win32
		{64065046-FCE8-4CF0-AA5B-EECCE87785E7}.Release|x86.Build.0 = Release|Win32
		{62C97D90-56A9-4F43-8804-8915AECD7CFD}.Debug|x86.ActiveCfg = Debug|Win32
		{62C97D90-56A9-4F43-8804-8915AECD7CFD}.Debug|x86.Build.0 = Debug|Win32
		{62C97D90-56A9-4F43-8804-8915AECD7CFD}.Release|x86.ActiveCfg = Release|Win32
		{62C97D90-56A9-4F43-8804-8915AECD7CFD}.Release|x86.Build.0 = Release|Win32
		{A837EE6D-157D-4E58-9FF3-4091CC49AC50}.Debug|x86.ActiveCfg = Debug|Win32
		{A837EE6D-157D-4E58-9FF3-4091CC49AC50}.Debug|x86.Build.0 = Debug|Win32
		{A837EE6D-157D-4E58-9FF3-4091CC49AC50}.Release|x86.ActiveCfg = Release|Win32
		{A837EE6D-157D-4E58-9FF3-4091CC49AC50}.Release|x86.Build.0 = Release|Win32
		{D0FA4FA8-AA2D-478D-AAB5-A2C084013583}.Debug|x86.ActiveCfg = Debug|Win32
		{D0FA4FA8-AA2D-478D-AAB5-A2C084013583}.Debug|x86.Build.0 = Debug|Win32
		{D0FA4FA8-AA2D-478D-AAB5-A2C084013583}.Release|x86.ActiveCfg = Release|Win32
		{D0FA4FA8-AA2D-478D-AAB5-A2C084013583}.Release|x86.Build.0 = Release|Win32
		{C8087D78-4CCB-42DC-8D23-2A5F8E9D785A}.Debug|x86.ActiveCfg = Debug|Win32
		{C8087D78-4CCB-42DC-8D23-2A5F8E9D785A}.Debug|x86.Build.0 = Debug|Win32
		{C8087D78-4CCB-42DC-8D23-2A5F8E9D785A}.Release|x86.ActiveCfg = Release|Win32
		{C8087D78-4CCB-42DC-8D23-2A5F8E9D785A}.Release|x86.Build.0 = Release|Win32
		{B2A596CE-A023-4BAB-A19E-7713168BC480}.Debug|x86.ActiveCfg = Debug|Win32
		{B2A596CE-A023-4BAB-A19E-7713168BC480}.Debug|x86.Build.0 = Debug|Win32
		{B2A596CE-A023-4BAB-A19E-7713168BC480}.Release|x86.ActiveCfg = Release|Win32
		{B2A596CE-A023-4BAB-A19E-7713168BC480}.Release|x86.Build.0 = Release|Win32
		{3A9BF2FB-797A-4A77-A53A-32E219F3ED5E}.Debug|x86.ActiveCfg = Debug|Win32
		{3A9BF2FB-797A-4A77-A53A-32E219F3ED5E}.Debug|x86.Build.0 = Debug|Win32
		{3A9BF2FB-797A-4A77-A53A-32E219F3ED5E}.Release|x86.ActiveCfg = Release|Win32
		{3A9BF2FB-797A-4A77-A53A-32E219F3ED5E}.Release|x86.Build.0 = Release|Win32
	EndGlobalSection
	GlobalSection(SolutionProperties) = preSolution
		HideSolutionNode = FALSE
	EndGlobalSection
	GlobalSection(ExtensibilityGlobals) = postSolution
		SolutionGuid = {3A883608-C613-4311-8112-9AF2B1E31ED4}
	EndGlobalSection
EndGlobal
